version = 1
revision = 3
requires-python = ">=3.11"

[[package]]
name = "geniustv"
version = "0.1.0"
source = { virtual = "." }
dependencies = [
    { name = "pyqt6" },
    { name = "pyqt6-webengine" },
    { name = "pyqtwebengine" },
]

[package.metadata]
requires-dist = [
    { name = "pyqt6", specifier = ">=6.11.0" },
    { name = "pyqt6-webengine", specifier = ">=6.11.0" },
    { name = "pyqtwebengine", specifier = ">=5.15.7" },
]

[[package]]
name = "pyqt5"
version = "5.15.11"
source = { registry = "https://pypi.org/simple" }
dependencies = [
    { name = "pyqt5-qt5" },
    { name = "pyqt5-sip" },
]
sdist = { url = "https://files.pythonhosted.org/packages/0e/07/c9ed0bd428df6f87183fca565a79fee19fa7c88c7f00a7f011ab4379e77a/PyQt5-5.15.11.tar.gz", hash = "sha256:fda45743ebb4a27b4b1a51c6d8ef455c4c1b5d610c90d2934c7802b5c1557c52", size = 3216775, upload-time = "2024-07-19T08:39:57.756Z" }
wheels = [
    { url = "https://files.pythonhosted.org/packages/11/64/42ec1b0bd72d87f87bde6ceb6869f444d91a2d601f2e67cd05febc0346a1/PyQt5-5.15.11-cp38-abi3-macosx_11_0_arm64.whl", hash = "sha256:c8b03dd9380bb13c804f0bdb0f4956067f281785b5e12303d529f0462f9afdc2", size = 6579776, upload-time = "2024-07-19T08:39:19.775Z" },
    { url = "https://files.pythonhosted.org/packages/49/f5/3fb696f4683ea45d68b7e77302eff173493ac81e43d63adb60fa760b9f91/PyQt5-5.15.11-cp38-abi3-macosx_11_0_x86_64.whl", hash = "sha256:6cd75628f6e732b1ffcfe709ab833a0716c0445d7aec8046a48d5843352becb6", size = 7016415, upload-time = "2024-07-19T08:39:32.977Z" },
    { url = "https://files.pythonhosted.org/packages/b4/8c/4065950f9d013c4b2e588fe33cf04e564c2322842d84dbcbce5ba1dc28b0/PyQt5-5.15.11-cp38-abi3-manylinux_2_17_x86_64.whl", hash = "sha256:cd672a6738d1ae33ef7d9efa8e6cb0a1525ecf53ec86da80a9e1b6ec38c8d0f1", size = 8188103, upload-time = "2024-07-19T08:39:40.561Z" },
    { url = "https://files.pythonhosted.org/packages/f3/f0/ae5a5b4f9b826b29ea4be841b2f2d951bcf5ae1d802f3732b145b57c5355/PyQt5-5.15.11-cp38-abi3-win32.whl", hash = "sha256:76be0322ceda5deecd1708a8d628e698089a1cea80d1a49d242a6d579a40babd", size = 5433308, upload-time = "2024-07-19T08:39:46.932Z" },
    { url = "https://files.pythonhosted.org/packages/56/d5/68eb9f3d19ce65df01b6c7b7a577ad3bbc9ab3a5dd3491a4756e71838ec9/PyQt5-5.15.11-cp38-abi3-win_amd64.whl", hash = "sha256:bdde598a3bb95022131a5c9ea62e0a96bd6fb28932cc1619fd7ba211531b7517", size = 6865864, upload-time = "2024-07-19T08:39:53.572Z" },
]

[[package]]
name = "pyqt5-qt5"
version = "5.15.19"
source = { registry = "https://pypi.org/simple" }
wheels = [
    { url = "https://files.pythonhosted.org/packages/06/af/c0e00d353cad261ee9ccd5f6039b7ef4e09a1cb9a22c6a4b233854f6fa30/pyqt5_qt5-5.15.19-py3-none-macosx_10_13_x86_64.whl", hash = "sha256:cac6b78e4805848c25979a0622660251070781b6b4f810688a960cb44d1ae5a2", size = 39777655, upload-time = "2026-05-21T09:12:43.94Z" },
    { url = "https://files.pythonhosted.org/packages/1c/d0/fd4876b90bbadaa92444ff452ab78d9ba839014a6d303e77d29c0c591631/pyqt5_qt5-5.15.19-py3-none-macosx_11_0_arm64.whl", hash = "sha256:66fa299dcdea1f430edbd6f6ca3dcb20430f19c508d13e3aa851d19034b7be7e", size = 36838788, upload-time = "2026-05-21T09:12:59.334Z" },
    { url = "https://files.pythonhosted.org/packages/de/a0/dd9889ed9bf100d6d8b9d608b2689dc2a7f871f9489a0c563a8cf78c329f/pyqt5_qt5-5.15.19-py3-none-manylinux2014_x86_64.whl", hash = "sha256:31421d9c31fb29a8faee4b8b3c32658fb51a9e8c4c708075121162fa44faf80e", size = 60933242, upload-time = "2026-05-21T09:13:16.308Z" },
]

[[package]]
name = "pyqt5-sip"
version = "12.19.0"
source = { registry = "https://pypi.org/simple" }
sdist = { url = "https://files.pythonhosted.org/packages/0d/9d/5179b8e619fe084218a87f963f1648cba4c5aa5bb98dd5661d2cbb9eb1e4/pyqt5_sip-12.19.0.tar.gz", hash = "sha256:71cacf1879da2cd3e50cb239e21673cfe02d358af70ab6768817c960428868c3", size = 105525, upload-time = "2026-08-02T12:04:00.159Z" }
wheels = [
    { url = "https://files.pythonhosted.org/packages/6f/da/d43402843851c08d165cba013e095e98c4db55e152f12a6d8d7444709d87/pyqt5_sip-12.19.0-cp311-cp311-macosx_10_9_universal2.whl", hash = "sha256:b29e97d6aacbdc3535f17f83d11d6bd95abb0e36865a250c3d1c14719bb2f1b4", size = 122038, upload-time = "2026-08-02T12:03:42.833Z" },
    { url = "https://files.pythonhosted.org/packages/37/10/14d06676c8d4a31a6e1b6270ff64c2900bfe000d59cd3302a4091f0d11ee/pyqt5_sip-12.19.0-cp311-cp311-manylinux_2_5_x86_64.manylinux1_x86_64.whl", hash = "sha256:40ed8341b7c6681d102708b65acbccf0c26908189bfa2e05e180a3b515296a87", size = 276024, upload-time = "2026-08-02T12:03:43.916Z" },
    { url = "https://files.pythonhosted.org/packages/f5/d4/7656a7f67ed9c3fbb7949fb06aebb7ea97f7799eebecfe641f26a13b67a4/pyqt5_sip-12.19.0-cp311-cp311-win32.whl", hash = "sha256:3d8a08fad1bc89e083d712378af4fddee9f6102cd4254e6a5c0ad7055a09670a", size = 49103, upload-time = "2026-08-02T12:03:46.084Z" },
    { url = "https://files.pythonhosted.org/packages/ff/4d/18a1df8e6f71f5f4f9d280b9eebef04004b5c762d379c30ac948e38a3a37/pyqt5_sip-12.19.0-cp311-cp311-win_amd64.whl", hash = "sha256:f01cd36afef40bd0d81d0d98ff125112ce0df725b936d9eee3f1be1cc7e96e91", size = 58615, upload-time = "2026-08-02T12:03:45.173Z" },
    { url = "https://files.pythonhosted.org/packages/bf/0c/d3475b2f91d724d87e7bd43193521fd452b025c29c28308c00c8e8b82cbb/pyqt5_sip-12.19.0-cp312-cp312-macosx_10_9_universal2.whl", hash = "sha256:6f7cd8a868f20fe450b6d17016ff0b0e0c8fecf32d620dcbf319a2174cbcad00", size = 123909, upload-time = "2026-08-02T12:03:47.123Z" },
    { url = "https://files.pythonhosted.org/packages/f5/77/c54440a7a22f0e04dbbc4246d5896ecba7192551134f5978b559361d3d79/pyqt5_sip-12.19.0-cp312-cp312-manylinux_2_5_x86_64.manylinux1_x86_64.whl", hash = "sha256:3c5e0da86b5ae71b7acf2134e15fc8734a129549119cade25accddb3f28cb950", size = 280996, upload-time = "2026-08-02T12:03:48.082Z" },
    { url = "https://files.pythonhosted.org/packages/46/a5/cfe850c1f01ef9ac25392a27ec4ea6ee2fa8bec59ac04aab9fb4bf3ff78c/pyqt5_sip-12.19.0-cp312-cp312-win32.whl", hash = "sha256:aa94140b8f8255f87f85b55a471b0cabfd6c8a41a752a6d3f3d3f34942b8ee3d", size = 49403, upload-time = "2026-08-02T12:03:50.184Z" },
    { url = "https://files.pythonhosted.org/packages/9b/27/096f0c79c1b894baf8584350f0ed5f033ff639778c91204cfd3066fe155a/pyqt5_sip-12.19.0-cp312-cp312-win_amd64.whl", hash = "sha256:628f58e13d47bd7f1a002c0c1d874b5ad7e5644c10d9334c7de4b91b001f6607", size = 57830, upload-time = "2026-08-02T12:03:49.266Z" },
    { url = "https://files.pythonhosted.org/packages/1c/b0/f83b10aab1f80ccad93971b73bd9c40e21119be045329f7e77996fb0d308/pyqt5_sip-12.19.0-cp313-cp313-macosx_10_13_universal2.whl", hash = "sha256:a50aacf432f62e288af179040aea7bf79571f7671a89ac7064d7224a3734c22b", size = 123874, upload-time = "2026-08-02T12:03:51.079Z" },
    { url = "https://files.pythonhosted.org/packages/ea/9e/8b4f2ff7bbd118ea97a9e957642e19fd861e120e4b7ee7a183680794fc04/pyqt5_sip-12.19.0-cp313-cp313-manylinux_2_5_x86_64.manylinux1_x86_64.whl", hash = "sha256:16f31c35b767e45c017ce3966a48a57ff6e9a3cf9317b1e5bb71ac3cf3718e6b", size = 280634, upload-time = "2026-08-02T12:03:52.4Z" },
    { url = "https://files.pythonhosted.org/packages/e3/46/f2da292eff6915bd20b741e2b0196eb1eb3aaa31fe1049bfab46689be156/pyqt5_sip-12.19.0-cp313-cp313-win32.whl", hash = "sha256:2de029b867c725f3bc5806d7640ab48696abd4e9e044cf5e26dc958dec9233b8", size = 49389, upload-time = "2026-08-02T12:03:54.518Z" },
    { url = "https://files.pythonhosted.org/packages/4a/56/7421bdea297cf98c33562721e69137711784d8743ec5311dae406a191f5c/pyqt5_sip-12.19.0-cp313-cp313-win_amd64.whl", hash = "sha256:ab5f4753a67663ba773babf7d32d1c4a447740aa0acdc5f33d385b70952d8cc5", size = 57880, upload-time = "2026-08-02T12:03:53.493Z" },
    { url = "https://files.pythonhosted.org/packages/d3/33/15e15147c4b51428c9bc139d454e2e799bc9b396d2642b4fcf97b213a777/pyqt5_sip-12.19.0-cp314-cp314-macosx_10_15_universal2.whl", hash = "sha256:2cee6450c8646b40fd8f9e75b0a340b6dfc652a4bfec338cf126b66ac61d5638", size = 123767, upload-time = "2026-08-02T12:03:55.657Z" },
    { url = "https://files.pythonhosted.org/packages/6c/57/5ea1422a4f9c745c864aa26907121e63bd91c5b4706b7b772b4c573b89d8/pyqt5_sip-12.19.0-cp314-cp314-manylinux_2_5_x86_64.manylinux1_x86_64.whl", hash = "sha256:e7bef99160b0b812be12789b5febe005ca8ed07e4804df32f0a9dbd0f747e32e", size = 281569, upload-time = "2026-08-02T12:03:56.934Z" },
    { url = "https://files.pythonhosted.org/packages/37/76/42d055c9671cac4807118d43d5823517712ec911da8322c5b1c63e9bab97/pyqt5_sip-12.19.0-cp314-cp314-win32.whl", hash = "sha256:b7a651db2339f81831050029e5363aa7adb6873ac7002e786dc07782538da6cd", size = 50601, upload-time = "2026-08-02T12:03:59.212Z" },
    { url = "https://files.pythonhosted.org/packages/a0/14/8a053f71df81a02c843afd50157020eb86a8f748698eab087b4716a40aca/pyqt5_sip-12.19.0-cp314-cp314-win_amd64.whl", hash = "sha256:4058fcb39306719c79c5c52da45208093b11c2c92c09eb2f77b950b12a5a87c2", size = 59279, upload-time = "2026-08-02T12:03:58.296Z" },
]

[[package]]
name = "pyqt6"
version = "6.11.0"
source = { registry = "https://pypi.org/simple" }
dependencies = [
    { name = "pyqt6-qt6" },
    { name = "pyqt6-sip" },
]
sdist = { url = "https://files.pythonhosted.org/packages/8b/47/b25c13eca5bebc6505394d0223e46d7ebf0c57dcac2ed908d7d19b18ab6b/pyqt6-6.11.0.tar.gz", hash = "sha256:45dd60aa69976de1918b5ced6b4e7b6a25abd2a919ecef5fd5826ecc76718889", size = 1087430, upload-time = "2026-03-30T09:16:13.543Z" }
wheels = [
    { url = "https://files.pythonhosted.org/packages/33/44/fcd3dd3f64c83c96bf9bce76ec16cca64bd9b91702c3d08fd8e3dafc73d9/pyqt6-6.11.0-cp310-abi3-macosx_10_14_universal2.whl", hash = "sha256:f7100bc7f72b12581ec479a733f4ad11b8002668e6786e8a445ab6f4d1c743d4", size = 12429735, upload-time = "2026-03-30T09:16:03.713Z" },
    { url = "https://files.pythonhosted.org/packages/c3/a0/bd1399740dfa80c0a94d20b02d89962a31458233dcf70eaa09bfbccf3d0f/pyqt6-6.11.0-cp310-abi3-manylinux_2_34_x86_64.whl", hash = "sha256:8555277989fa7d114cb3c3443fd261d566909f7268ceedd41d93a5f02d37ec05", size = 8334632, upload-time = "2026-03-30T09:16:06.066Z" },
    { url = "https://files.pythonhosted.org/packages/d3/db/425b184ac2430ba1978bb507ffd285ec007a872644e2ae5df13332dbcb05/pyqt6-6.11.0-cp310-abi3-manylinux_2_39_aarch64.whl", hash = "sha256:0734959955adde095af9a074213a7f73386d1bbbddfc27346b4c0621641a692e", size = 8321484, upload-time = "2026-03-30T09:16:08.135Z" },
    { url = "https://files.pythonhosted.org/packages/6f/85/dd9f03d78d87460e109e0121cd6201c5802bdd655656bf2780e964870fea/pyqt6-6.11.0-cp310-abi3-win_amd64.whl", hash = "sha256:bd11b459c54dca068e988a42cf838303334f0d441b9d16d92ae6719fcb5ac6ba", size = 6844358, upload-time = "2026-03-30T09:16:09.766Z" },
    { url = "https://files.pythonhosted.org/packages/cd/75/970b041bde4372cc6739c5ef9db1de83a6b36e788e4992e598baa35b2255/pyqt6-6.11.0-cp310-abi3-win_arm64.whl", hash = "sha256:b6324e3501b19b4292c7a55b1f22e82d3e80e519e383ce4fe79b4a754c6f0288", size = 5933984, upload-time = "2026-03-30T09:16:11.817Z" },
]

[[package]]
name = "pyqt6-qt6"
version = "6.11.2"
source = { registry = "https://pypi.org/simple" }
wheels = [
    { url = "https://files.pythonhosted.org/packages/d6/d2/79c88102ff88efcdae338a0ffbb5fa40b70194e0095db5ddec490106bcc6/pyqt6_qt6-6.11.2-py3-none-macosx_10_14_x86_64.whl", hash = "sha256:6a4372baa674ca91de5caf31f241b0660fd3da90fe27fefed9a7a459e630ea89", size = 70517918, upload-time = "2026-08-23T12:59:34.419Z" },
    { url = "https://files.pythonhosted.org/packages/a0/72/f49e11b46eaa887e1250658b9c038f13c654ca7478c7c904ada13bb5133e/pyqt6_qt6-6.11.2-py3-none-macosx_11_0_arm64.whl", hash = "sha256:4f21ff2ffaacfb8a8df6ab1d619d0da7aa4e808e86f41b6daa1a7bff9c0d6eab", size = 64259572, upload-time = "2026-08-23T12:59:40.759Z" },
    { url = "https://files.pythonhosted.org/packages/69/ef/e34054e814c874f5230326ffc791f602a13b2f5590ca9599ba45b5fc4bc0/pyqt6_qt6-6.11.2-py3-none-manylinux_2_34_x86_64.whl", hash = "sha256:da7d747ad917f044d841ff834f17d2c50a0cc5d0e3b16479d8662544207d0567", size = 86012424, upload-time = "2026-08-23T12:59:45.97Z" },
    { url = "https://files.pythonhosted.org/packages/45/01/86f3c30ceee9384d905424a28abbcba6e9489f44ca15b2f4ae74921f079c/pyqt6_qt6-6.11.2-py3-none-manylinux_2_39_aarch64.whl", hash = "sha256:2c38ee8b797c0d7f327afef4cfbb97c73676954ef2d1d503779d62c982bf5a66", size = 85506374, upload-time = "2026-08-23T12:59:51.195Z" },
    { url = "https://files.pythonhosted.org/packages/f6/56/62457dd9b5738f65b9fb4ac6b3120bc0bfa0bc335857fdd456b94b0a6079/pyqt6_qt6-6.11.2-py3-none-win_amd64.whl", hash = "sha256:4b424ed1babbef07133eb2a4174c56c848d518767bca8e759aca2c8c9c313636", size = 78000994, upload-time = "2026-08-23T12:59:56.429Z" },
    { url = "https://files.pythonhosted.org/packages/16/bd/3ce7dc9172b798e191b82296d90f7b89fcd94f111dd249b71cf7acaa803b/pyqt6_qt6-6.11.2-py3-none-win_arm64.whl", hash = "sha256:8c49432936681f325f2925f20ceef35b8fb7599e0c3e63e76d6e50397354ee1f", size = 61679846, upload-time = "2026-08-23T13:00:01.138Z" },
]

[[package]]
name = "pyqt6-sip"
version = "13.12.0"
source = { registry = "https://pypi.org/simple" }
sdist = { url = "https://files.pythonhosted.org/packages/d1/23/16c583dbb6b53e0494dfcf7d1a44778c82e324edda62326727b37f1a5b34/pyqt6_sip-13.12.0.tar.gz", hash = "sha256:a7ad45c1e3cec3a2473d37ea9870b6c3baeccc560298623c8eb59265714c06e2", size = 93979, upload-time = "2026-08-02T12:04:47.231Z" }
wheels = [
    { url = "https://files.pythonhosted.org/packages/57/cd/1f9470cb0352510fb7a6094529d874342f17b8329db1705f4e9e39882c8c/pyqt6_sip-13.12.0-cp311-cp311-macosx_10_9_universal2.whl", hash = "sha256:109ba8a7e3621e27a09a8086d54346a8a9f70ea3470d7530c60cdd697604a966", size = 110981, upload-time = "2026-08-02T12:04:21.676Z" },
    { url = "https://files.pythonhosted.org/packages/16/5c/5a40e8015acfbe3437b93551cd6b3df2bcb0664e13b65d141395be828c36/pyqt6_sip-13.12.0-cp311-cp311-manylinux1_x86_64.manylinux_2_5_x86_64.whl", hash = "sha256:30798c3fc22682a42ad0097f85c92f8ef4393b69b3fc407eb447be3049d7cbad", size = 290069, upload-time = "2026-08-02T12:04:24.272Z" },
    { url = "https://files.pythonhosted.org/packages/55/be/7a2371d35e9c871b0fac0a33db4118ab9d17a1c9322d95d22f05729ef57a/pyqt6_sip-13.12.0-cp311-cp311-manylinux_2_17_aarch64.manylinux2014_aarch64.whl", hash = "sha256:d09f10eee29c75dc255797096d29e576a9bf15813ece4c9376bc26dbef1b18a8", size = 315941, upload-time = "2026-08-02T12:04:22.922Z" },
    { url = "https://files.pythonhosted.org/packages/66/3c/9420e8756c3b32bbd5ce2a828292ce43b762ab66cc64de2c2c1f90b998e2/pyqt6_sip-13.12.0-cp311-cp311-win_amd64.whl", hash = "sha256:61faaad2a4c5dc08e8b0abbae34a66f035c921cf085ae53f67a3ddcfec1d0f22", size = 54054, upload-time = "2026-08-02T12:04:25.324Z" },
    { url = "https://files.pythonhosted.org/packages/5d/c4/6d4c51ba621edf02ed5e331fc19b6d228470827d1190413951d42c0e4969/pyqt6_sip-13.12.0-cp311-cp311-win_arm64.whl", hash = "sha256:80bfce3924414c2d3d293851cf0b12a29f4ad5c8dab5450fa817385f540eb633", size = 48417, upload-time = "2026-08-02T12:04:26.246Z" },
    { url = "https://files.pythonhosted.org/packages/86/d0/2eb16fd24e50285536ad3786fd9353b6c6f9e3893d4e30e6fb340fe537f5/pyqt6_sip-13.12.0-cp312-cp312-macosx_10_9_universal2.whl", hash = "sha256:51352451de3a02ca5476c4248553550385a5df0c4e8a01efbef923fbdaddd79f", size = 112517, upload-time = "2026-08-02T12:04:27.385Z" },
    { url = "https://files.pythonhosted.org/packages/63/4c/3d4217383269153a3026e825dd109968561638d20394671e4dc8e13c6a95/pyqt6_sip-13.12.0-cp312-cp312-manylinux1_x86_64.manylinux_2_5_x86_64.whl", hash = "sha256:3476132fc5c85d7136eb14cb7d9e1909e9f5ee94a85d892e4ac244990ba541b3", size = 299556, upload-time = "2026-08-02T12:04:29.912Z" },
    { url = "https://files.pythonhosted.org/packages/90/4c/898dcfbfa116dbaf204376bc6aa67e76010b93dd2e0e3da25bcb5624956b/pyqt6_sip-13.12.0-cp312-cp312-manylinux_2_17_aarch64.manylinux2014_aarch64.whl", hash = "sha256:8427e9bdf03539b077c962b764dce98f2264a51a09879fe14cda7acdc1ba05eb", size = 321194, upload-time = "2026-08-02T12:04:28.458Z" },
    { url = "https://files.pythonhosted.org/packages/2a/58/caeb6b59c88b93ab30ceabbbb07b0efc50f8b0585876f4424f92addb85fe/pyqt6_sip-13.12.0-cp312-cp312-win_amd64.whl", hash = "sha256:fc40cda618f13e291e35271f29250b55b9b362755f6e22357d244fcbacd18e6c", size = 53341, upload-time = "2026-08-02T12:04:31.066Z" },
    { url = "https://files.pythonhosted.org/packages/cb/5d/8028ffa154a8243c942521adf50c452d21f889c7b7caab2865f79d60951a/pyqt6_sip-13.12.0-cp312-cp312-win_arm64.whl", hash = "sha256:543b9b210ca4278ee510f938d4b3d696b587b2b223c6cd1ba819c3cef3b67ea5", size = 48703, upload-time = "2026-08-02T12:04:32.021Z" },
    { url = "https://files.pythonhosted.org/packages/16/68/dd27f520678ff7b6cbafc54569d606409481b3bb251dbc0a9bb2a7423701/pyqt6_sip-13.12.0-cp313-cp313-macosx_10_13_universal2.whl", hash = "sha256:85ac64530f6e7362a853fea1ce50e91f026cb87b411abe7a9efe4edb844458fa", size = 112520, upload-time = "2026-08-02T12:04:33.107Z" },
    { url = "https://files.pythonhosted.org/packages/34/9a/3f8127196bb2e303914c92670590633a7b3141aca640dc0122c326366c3d/pyqt6_sip-13.12.0-cp313-cp313-manylinux1_x86_64.manylinux_2_5_x86_64.whl", hash = "sha256:5b5610a21401dbf97eaa82a2d35e727d3269ef370f299a892ff154f4b6f338ca", size = 299892, upload-time = "2026-08-02T12:04:35.614Z" },
    { url = "https://files.pythonhosted.org/packages/e4/56/2ec8cd46fb9ac112112792f879706afd4f2097f69dd8893627923110c30e/pyqt6_sip-13.12.0-cp313-cp313-manylinux_2_17_aarch64.manylinux2014_aarch64.whl", hash = "sha256:84b5df633e3c7bc5faaec18b71f45d297002ee258350f823648b6f447763524c", size = 321398, upload-time = "2026-08-02T12:04:34.296Z" },
    { url = "https://files.pythonhosted.org/packages/2d/63/f74d1de19822c69a5a6d0e9c59e06f05ab37e4502dbb17cea93d799ac0b6/pyqt6_sip-13.12.0-cp313-cp313-win_amd64.whl", hash = "sha256:99a9016b9f6f23e4446703ba2c2271b35a3ff2fd5115e607b9fac675774abea9", size = 53342, upload-time = "2026-08-02T12:04:36.717Z" },
    { url = "https://files.pythonhosted.org/packages/b3/48/3be6fa82006c8e7827bbdcdff9673c291e4da1ec5152a8404c4765b0a8c0/pyqt6_sip-13.12.0-cp313-cp313-win_arm64.whl", hash = "sha256:2431eef7617f7cd26d22789178a57a688ddbca814fd5215fbe577f4bf45569b8", size = 48714, upload-time = "2026-08-02T12:04:37.835Z" },
    { url = "https://files.pythonhosted.org/packages/ed/f8/7d9e8c559446d4fe738e3faebb75c0c172093a15dd6be29771aad8b012a9/pyqt6_sip-13.12.0-cp314-cp314-macosx_10_15_universal2.whl", hash = "sha256:beeebe34fdb4d2997310f60a618e332a7097db4f52ae970f5f0a6b8e7105cb18", size = 112587, upload-time = "2026-08-02T12:04:40.657Z" },
    { url = "https://files.pythonhosted.org/packages/c2/4b/b6f552e79b8d5c80370b9691a381d26e09d7b5fb9e434cb444b0b436f8a8/pyqt6_sip-13.12.0-cp314-cp314-manylinux1_x86_64.manylinux_2_5_x86_64.whl", hash = "sha256:309a69feb94dfc0bec7e224055db376b157ce6d88b94eb4076d2e913b4c62b47", size = 299624, upload-time = "2026-08-02T12:04:43.669Z" },
    { url = "https://files.pythonhosted.org/packages/14/ee/f7c22e6a43ce23bc05fc481f1e7c8dc3ba06e9870b045adc9377234b6fbd/pyqt6_sip-13.12.0-cp314-cp314-manylinux_2_17_aarch64.manylinux2014_aarch64.whl", hash = "sha256:0874073287e6d5b900768b95fca3f0ea23209c1bef5321bb2422f5dca455a899", size = 321825, upload-time = "2026-08-02T12:04:41.713Z" },
    { url = "https://files.pythonhosted.org/packages/c6/d3/30e57a4ceeb222348e60862183e3e7159490944b428230f728b465614928/pyqt6_sip-13.12.0-cp314-cp314-win_amd64.whl", hash = "sha256:9717fc4271e5d71e1cecadbb3340c3990ea9d58923fbf076b70cf8bc0f339639", size = 54971, upload-time = "2026-08-02T12:04:45.001Z" },
    { url = "https://files.pythonhosted.org/packages/1c/cb/806b3fcc7ab9dc77fc42a26dc010f7d87aa32c230af3ddebb958eed02e80/pyqt6_sip-13.12.0-cp314-cp314-win_arm64.whl", hash = "sha256:6815e719d1fd4c71c0d3ed85e7e91b615959d949dac7af6e3f11a29a3a565676", size = 49576, upload-time = "2026-08-02T12:04:46.074Z" },
]

[[package]]
name = "pyqt6-webengine"
version = "6.11.0"
source = { registry = "https://pypi.org/simple" }
dependencies = [
    { name = "pyqt6" },
    { name = "pyqt6-sip" },
    { name = "pyqt6-webengine-qt6" },
]
sdist = { url = "https://files.pythonhosted.org/packages/9a/c6/b4f777c46ff42a759180dc65ad49a207748ea2e83ac4df21e89eaf4834c3/pyqt6_webengine-6.11.0.tar.gz", hash = "sha256:15cf49efbbbd4c6bc87653b2c4ae80d6049f800e31620b336734ae2e37cbedae", size = 37331, upload-time = "2026-03-30T09:18:15.561Z" }
wheels = [
    { url = "https://files.pythonhosted.org/packages/28/55/d06c4c1390268ca19a5be6e00e9b394b7bed995ace51b8f10ac19e8770c7/pyqt6_webengine-6.11.0-cp310-abi3-macosx_10_14_universal2.whl", hash = "sha256:dfd6efc1760a8f0a82a41366f44dd1949380be5b7e62ca79165ef67ae6f26456", size = 465113, upload-time = "2026-03-30T09:18:08.896Z" },
    { url = "https://files.pythonhosted.org/packages/02/63/99f0032137dd76d7c401d467887bcee112df4fc9f496cf92b11de6b93551/pyqt6_webengine-6.11.0-cp310-abi3-manylinux_2_34_x86_64.whl", hash = "sha256:a9c07d18ab6aa4be95dea5bdbced2690cf0659637634e960bd5cf90c9aa5bc1b", size = 318292, upload-time = "2026-03-30T09:18:10.297Z" },
    { url = "https://files.pythonhosted.org/packages/ac/4a/a262c8828f35acec6dba2bf2f90d1c00b82d91f8b31f8ec830ac2f7c5d6c/pyqt6_webengine-6.11.0-cp310-abi3-manylinux_2_39_aarch64.whl", hash = "sha256:a115d14205b037bf2e8aa52176fc30260c112cf3a252047e69999e5d52f7b868", size = 319166, upload-time = "2026-03-30T09:18:11.515Z" },
    { url = "https://files.pythonhosted.org/packages/d4/15/27a18e7124f85eeadd48452f96104a5a231f0ad97ab5c10e16d87a319ccb/pyqt6_webengine-6.11.0-cp310-abi3-win_amd64.whl", hash = "sha256:5596ea8f7fd94a6b443c47f3c12dac619bedf5fabb646d2b8b4de1d73ec531cb", size = 257876, upload-time = "2026-03-30T09:18:12.682Z" },
    { url = "https://files.pythonhosted.org/packages/f3/af/4cf061bfa45b5311ce05a48749afb6d8ee62539f38619875feaa200b6acf/pyqt6_webengine-6.11.0-cp310-abi3-win_arm64.whl", hash = "sha256:06c309fa956dd4f197636d949aa5d125cd905f386178eb8884e231c04c5b577c", size = 235435, upload-time = "2026-03-30T09:18:14.323Z" },
]

[[package]]
name = "pyqt6-webengine-qt6"
version = "6.11.2"
source = { registry = "https://pypi.org/simple" }
wheels = [
    { url = "https://files.pythonhosted.org/packages/3f/84/c854045459661355b4d7405fe2cd91c7757e90bd6643df0b03ed1c08e55c/pyqt6_webengine_qt6-6.11.2-py3-none-macosx_10_14_x86_64.whl", hash = "sha256:6ac04c21a299356b4ccb1d03db8a531993eb2aece5389660bc21be746b59eb89", size = 125700835, upload-time = "2026-08-23T12:58:28.202Z" },
    { url = "https://files.pythonhosted.org/packages/85/8f/eb2f85f0ab69db831a51c4e41121642604eec860f6b793b794519c43e581/pyqt6_webengine_qt6-6.11.2-py3-none-macosx_11_0_arm64.whl", hash = "sha256:a5893038cb53ffba2bffcbfa8635464969538e72cbcc3963488eece630f9a4b8", size = 112396006, upload-time = "2026-08-23T12:58:34.846Z" },
    { url = "https://files.pythonhosted.org/packages/95/8a/898587477eec44d62aede99040a14aa6197a624bc055b82da0be03f23c88/pyqt6_webengine_qt6-6.11.2-py3-none-manylinux_2_34_x86_64.whl", hash = "sha256:764891ae20e81828ed8ba0dc153daffca10f8060c9a9b0303a7d407e3e72ce9b", size = 116332252, upload-time = "2026-08-23T12:58:41.09Z" },
    { url = "https://files.pythonhosted.org/packages/69/bb/671fed81ceb4cb0aba977946468f163005fd5e8da5075f4a94a1ebfdb3aa/pyqt6_webengine_qt6-6.11.2-py3-none-manylinux_2_39_aarch64.whl", hash = "sha256:17796086d6a6fd4aa58d4cd50ba9410d6ab5f1f9597b6e04443a7ee960c341bb", size = 111830458, upload-time = "2026-08-23T12:58:47.367Z" },
    { url = "https://files.pythonhosted.org/packages/24/db/06ba5859dcee54c77f2e4a547207177bb00747e4db7adcd1b70706db14bc/pyqt6_webengine_qt6-6.11.2-py3-none-win_amd64.whl", hash = "sha256:af13f13e6620de6d904b268343d901caeb7a39b15ead92f5dde8cdd69dac179b", size = 132370879, upload-time = "2026-08-23T12:58:54.323Z" },
    { url = "https://files.pythonhosted.org/packages/5c/2e/9377cd4aaf9ea8afee276785152335a1e1e68201ad288cab37dd154ad276/pyqt6_webengine_qt6-6.11.2-py3-none-win_arm64.whl", hash = "sha256:6ad83c047b6757bfafc5d44d9c9e448fe9a38f7998748265da0ef9094f4f8d2a", size = 117876281, upload-time = "2026-08-23T12:59:01.181Z" },
]

[[package]]
name = "pyqtwebengine"
version = "5.15.7"
source = { registry = "https://pypi.org/simple" }
dependencies = [
    { name = "pyqt5" },
    { name = "pyqt5-sip" },
    { name = "pyqtwebengine-qt5" },
]
sdist = { url = "https://files.pythonhosted.org/packages/18/e8/19a00646866e950307f8cd73841575cdb92800ae14837d5821bcbb91392c/PyQtWebEngine-5.15.7.tar.gz", hash = "sha256:f121ac6e4a2f96ac289619bcfc37f64e68362f24a346553f5d6c42efa4228a4d", size = 32223, upload-time = "2024-07-19T08:44:48.6Z" }
wheels = [
    { url = "https://files.pythonhosted.org/packages/2e/3d/8961b3bb00c0979280a1a160c745e1d543b4d5823f8a71dfa370898b5699/PyQtWebEngine-5.15.7-cp38-abi3-macosx_11_0_arm64.whl", hash = "sha256:e17187d9a3db3bab041f31385ed72832312557fefc5bd63ae4692df306dc1572", size = 181029, upload-time = "2024-07-19T08:44:31.266Z" },
    { url = "https://files.pythonhosted.org/packages/8e/c7/82bdc50b44f505a87e6a9d7f4a4d017c8e2f06b9f3ab8f661adff00b95c6/PyQtWebEngine-5.15.7-cp38-abi3-macosx_11_0_x86_64.whl", hash = "sha256:021814af1ff7d8be447c5314891cd4ddc931deae393dc2d38a816569aa0eb8cd", size = 187313, upload-time = "2024-07-19T08:44:43.002Z" },
    { url = "https://files.pythonhosted.org/packages/ea/a0/b36e7d6f0cd69b7dd58f0d733188e100115c5fce1c0606ad84bf35ef7ceb/PyQtWebEngine-5.15.7-cp38-abi3-manylinux_2_17_x86_64.whl", hash = "sha256:965461ca0cf414e03bd510a9a0e2ea36dc21deaa7fc4a631be4a1f2aa0327179", size = 227640, upload-time = "2024-07-19T08:44:44.236Z" },
    { url = "https://files.pythonhosted.org/packages/54/b9/0e68e30cec6a02d8d27c7663de77460156c5342848e2f72424e577c66eaf/PyQtWebEngine-5.15.7-cp38-abi3-win32.whl", hash = "sha256:c0680527b1af3e0145ce5e0f2ba2156ff0b4b38844392cf0ddd37ede6a9edeab", size = 160980, upload-time = "2024-07-19T08:44:45.482Z" },
    { url = "https://files.pythonhosted.org/packages/39/67/0dead50889d905fc99f40e61e5ab7f73746605ce8f74c4fa7fb3fc1d6c5e/PyQtWebEngine-5.15.7-cp38-abi3-win_amd64.whl", hash = "sha256:bd5e8c426d6f6b352cd15800d64a89b2a4a11e098460b818c7bdcf5e5612e44f", size = 184657, upload-time = "2024-07-19T08:44:47.066Z" },
]

[[package]]
name = "pyqtwebengine-qt5"
version = "5.15.19"
source = { registry = "https://pypi.org/simple" }
wheels = [
    { url = "https://files.pythonhosted.org/packages/9d/e9/7523de0122699b8019e10942921fccbe06d3dc4f2f50aec2d1f232bfe208/pyqtwebengine_qt5-5.15.19-py3-none-macosx_10_13_x86_64.whl", hash = "sha256:f267eca7e5db7341a97e8dada244a74cb5e1ea0b41feff8efd10c93395f29729", size = 74876066, upload-time = "2026-05-21T09:14:03.523Z" },
    { url = "https://files.pythonhosted.org/packages/6c/a0/119d8be390b561539dccedc7135ddac8ac303c54dad8ea45fd163f58d288/pyqtwebengine_qt5-5.15.19-py3-none-macosx_11_0_arm64.whl", hash = "sha256:0b164a7de87a6c1abcf920dd155c9494f2a9b7ecd54d05ca4aaa1ebc157634c4", size = 66611267, upload-time = "2026-05-21T09:14:22.125Z" },
    { url = "https://files.pythonhosted.org/packages/34/d1/a796d0e3931d2744e56a01bf048b0e1908472da9f92bf4236f28eea5ae3e/pyqtwebengine_qt5-5.15.19-py3-none-manylinux2014_x86_64.whl", hash = "sha256:2e3d9809076919ee2b4751be55e67882b3e86e06928ab6bb0d581a1342da0fda", size = 90634763, upload-time = "2026-05-21T09:14:47.189Z" },
]
